// !$*UTF8*$!
{
	archiveVersion = 1;
	classes = {
	};
	objectVersion = 56;
	objects = {

/* Begin PBXBuildFile section */
		E4BE49D62A3322AF00A7C336 /* AppDelegate.swift in Sources */ = {isa = PBXBuildFile; fileRef = E4BE49D52A3322AF00A7C336 /* AppDelegate.swift */; };
		E4BE49D82A3322AF00A7C336 /* SceneDelegate.swift in Sources */ = {isa = PBXBuildFile; fileRef = E4BE49D72A3322AF00A7C336 /* SceneDelegate.swift */; };
		E4BE49DA2A3322AF00A7C336 /* ViewController.swift in Sources */ = {isa = PBXBuildFile; fileRef = E4BE49D92A3322AF00A7C336 /* ViewController.swift */; };
		E4BE49DD2A3322AF00A7C336 /* Main.storyboard in Resources */ = {isa = PBXBuildFile; fileRef = E4BE49DB2A3322AF00A7C336 /* Main.storyboard */; };
		E4BE49DF2A3322B000A7C336 /* Assets.xcassets in Resources */ = {isa = PBXBuildFile; fileRef = E4BE49DE2A3322B000A7C336 /* Assets.xcassets */; };
		E4BE49E22A3322B000A7C336 /* LaunchScreen.storyboard in Resources */ = {isa = PBXBuildFile; fileRef = E4BE49E02A3322B000A7C336 /* LaunchScreen.storyboard */; };
		E4BE49ED2A3322B100A7C336 /* MessagesRESTTests.swift in Sources */ = {isa = PBXBuildFile; fileRef = E4BE49EC2A3322B100A7C336 /* MessagesRESTTests.swift */; };
		E4BE49F72A3322B100A7C336 /* MessagesRESTUITests.swift in Sources */ = {isa = PBXBuildFile; fileRef = E4BE49F62A3322B100A7C336 /* MessagesRESTUITests.swift */; };
		E4BE49F92A3322B100A7C336 /* MessagesRESTUITestsLaunchTests.swift in Sources */ = {isa = PBXBuildFile; fileRef = E4BE49F82A3322B100A7C336 /* MessagesRESTUITestsLaunchTests.swift */; };
/* End PBXBuildFile section */

/* Begin PBXContainerItemProxy section */
		E4BE49E92A3322B100A7C336 /* PBXContainerItemProxy */ = {
			isa = PBXContainerItemProxy;
			containerPortal = E4BE49CA2A3322AF00A7C336 /* Project object */;
			proxyType = 1;
			remoteGlobalIDString = E4BE49D12A3322AF00A7C336;
			remoteInfo = MessagesREST;
		};
		E4BE49F32A3322B100A7C336 /* PBXContainerItemProxy */ = {
			isa = PBXContainerItemProxy;
			containerPortal = E4BE49CA2A3322AF00A7C336 /* Project object */;
			proxyType = 1;
			remoteGlobalIDString = E4BE49D12A3322AF00A7C336;
			remoteInfo = MessagesREST;
		};
/* End PBXContainerItemProxy section */

/* Begin PBXFileReference section */
		E4BE49D22A3322AF00A7C336 /* MessagesREST.app */ = {isa = PBXFileReference; explicitFileType = wrapper.application; includeInIndex = 0; path = MessagesREST.app; sourceTree = BUILT_PRODUCTS_DIR; };
		E4BE49D52A3322AF00A7C336 /* AppDelegate.swift */ = {isa = PBXFileReference; lastKnownFileType = sourcecode.swift; path = AppDelegate.swift; sourceTree = "<group>"; };
		E4BE49D72A3322AF00A7C336 /* SceneDelegate.swift */ = {isa = PBXFileReference; lastKnownFileType = sourcecode.swift; path = SceneDelegate.swift; sourceTree = "<group>"; };
		E4BE49D92A3322AF00A7C336 /* ViewController.swift */ = {isa = PBXFileReference; lastKnownFileType = sourcecode.swift; path = ViewController.swift; sourceTree = "<group>"; };
		E4BE49DC2A3322AF00A7C336 /* Base */ = {isa = PBXFileReference; lastKnownFileType = file.storyboard; name = Base; path = Base.lproj/Main.storyboard; sourceTree = "<group>"; };
		E4BE49DE2A3322B000A7C336 /* Assets.xcassets */ = {isa = PBXFileReference; lastKnownFileType = folder.assetcatalog; path = Assets.xcassets; sourceTree = "<group>"; };
		E4BE49E12A3322B000A7C336 /* Base */ = {isa = PBXFileReference; lastKnownFileType = file.storyboard; name = Base; path = Base.lproj/LaunchScreen.storyboard; sourceTree = "<group>"; };
		E4BE49E32A3322B000A7C336 /* Info.plist */ = {isa = PBXFileReference; lastKnownFileType = text.plist.xml; path = Info.plist; sourceTree = "<group>"; };
		E4BE49E82A3322B100A7C336 /* MessagesRESTTests.xctest */ = {isa = PBXFileReference; explicitFileType = wrapper.cfbundle; includeInIndex = 0; path = MessagesRESTTests.xctest; sourceTree = BUILT_PRODUCTS_DIR; };
		E4BE49EC2A3322B100A7C336 /* MessagesRESTTests.swift */ = {isa = PBXFileReference; lastKnownFileType = sourcecode.swift; path = MessagesRESTTests.swift; sourceTree = "<group>"; };
		E4BE49F22A3322B100A7C336 /* MessagesRESTUITests.xctest */ = {isa = PBXFileReference; explicitFileType = wrapper.cfbundle; includeInIndex = 0; path = MessagesRESTUITests.xctest; sourceTree = BUILT_PRODUCTS_DIR; };
		E4BE49F62A3322B100A7C336 /* MessagesRESTUITests.swift */ = {isa = PBXFileReference; lastKnownFileType = sourcecode.swift; path = MessagesRESTUITests.swift; sourceTree = "<group>"; };
		E4BE49F82A3322B100A7C336 /* MessagesRESTUITestsLaunchTests.swift */ = {isa = PBXFileReference; lastKnownFileType = sourcecode.swift; path = MessagesRESTUITestsLaunchTests.swift; sourceTree = "<group>"; };
/* End PBXFileReference section */

/* Begin PBXFrameworksBuildPhase section */
		E4BE49CF2A3322AF00A7C336 /* Frameworks */ = {
			isa = PBXFrameworksBuildPhase;
			buildActionMask = 2147483647;
			files = (
			);
			runOnlyForDeploymentPostprocessing = 0;
		};
		E4BE49E52A3322B100A7C336 /* Frameworks */ = {
			isa = PBXFrameworksBuildPhase;
			buildActionMask = 2147483647;
			files = (
			);
			runOnlyForDeploymentPostprocessing = 0;
		};
		E4BE49EF2A3322B100A7C336 /* Frameworks */ = {
			isa = PBXFrameworksBuildPhase;
			buildActionMask = 2147483647;
			files = (
			);
			runOnlyForDeploymentPostprocessing = 0;
		};
/* End PBXFrameworksBuildPhase section */

/* Begin PBXGroup section */
		E4BE49C92A3322AF00A7C336 = {
			isa = PBXGroup;
			children = (
				E4BE49D42A3322AF00A7C336 /* MessagesREST */,
				E4BE49EB2A3322B100A7C336 /* MessagesRESTTests */,
				E4BE49F52A3322B100A7C336 /* MessagesRESTUITests */,
				E4BE49D32A3322AF00A7C336 /* Products */,
			);
			sourceTree = "<group>";
		};
		E4BE49D32A3322AF00A7C336 /* Products */ = {
			isa = PBXGroup;
			children = (
				E4BE49D22A3322AF00A7C336 /* MessagesREST.app */,
				E4BE49E82A3322B100A7C336 /* MessagesRESTTests.xctest */,
				E4BE49F22A3322B100A7C336 /* MessagesRESTUITests.xctest */,
			);
			name = Products;
			sourceTree = "<group>";
		};
		E4BE49D42A3322AF00A7C336 /* MessagesREST */ = {
			isa = PBXGroup;
			children = (
				E4BE49D52A3322AF00A7C336 /* AppDelegate.swift */,
				E4BE49D72A3322AF00A7C336 /* SceneDelegate.swift */,
				E4BE49D92A3322AF00A7C336 /* ViewController.swift */,
				E4BE49DB2A3322AF00A7C336 /* Main.storyboard */,
				E4BE49DE2A3322B000A7C336 /* Assets.xcassets */,
				E4BE49E02A3322B000A7C336 /* LaunchScreen.storyboard */,
				E4BE49E32A3322B000A7C336 /* Info.plist */,
			);
			path = MessagesREST;
			sourceTree = "<group>";
		};
		E4BE49EB2A3322B100A7C336 /* MessagesRESTTests */ = {
			isa = PBXGroup;
			children = (
				E4BE49EC2A3322B100A7C336 /* MessagesRESTTests.swift */,
			);
			path = MessagesRESTTests;
			sourceTree = "<group>";
		};
		E4BE49F52A3322B100A7C336 /* MessagesRESTUITests */ = {
			isa = PBXGroup;
			children = (
				E4BE49F62A3322B100A7C336 /* MessagesRESTUITests.swift */,
				E4BE49F82A3322B100A7C336 /* MessagesRESTUITestsLaunchTests.swift */,
			);
			path = MessagesRESTUITests;
			sourceTree = "<group>";
		};
/* End PBXGroup section */

/* Begin PBXNativeTarget section */
		E4BE49D12A3322AF00A7C336 /* MessagesREST */ = {
			isa = PBXNativeTarget;
			buildConfigurationList = E4BE49FC2A3322B100A7C336 /* Build configuration list for PBXNativeTarget "MessagesREST" */;
			buildPhases = (
				E4BE49CE2A3322AF00A7C336 /* Sources */,
				E4BE49CF2A3322AF00A7C336 /* Frameworks */,
				E4BE49D02A3322AF00A7C336 /* Resources */,
			);
			buildRules = (
			);
			dependencies = (
			);
			name = MessagesREST;
			productName = MessagesREST;
			productReference = E4BE49D22A3322AF00A7C336 /* MessagesREST.app */;
			productType = "com.apple.product-type.application";
		};
		E4BE49E72A3322B100A7C336 /* MessagesRESTTests */ = {
			isa = PBXNativeTarget;
			buildConfigurationList = E4BE49FF2A3322B100A7C336 /* Build configuration list for PBXNativeTarget "MessagesRESTTests" */;
			buildPhases = (
				E4BE49E42A3322B100A7C336 /* Sources */,
				E4BE49E52A3322B100A7C336 /* Frameworks */,
				E4BE49E62A3322B100A7C336 /* Resources */,
			);
			buildRules = (
			);
			dependencies = (
				E4BE49EA2A3322B100A7C336 /* PBXTargetDependency */,
			);
			name = MessagesRESTTests;
			productName = MessagesRESTTests;
			productReference = E4BE49E82A3322B100A7C336 /* MessagesRESTTests.xctest */;
			productType = "com.apple.product-type.bundle.unit-test";
		};
		E4BE49F12A3322B100A7C336 /* MessagesRESTUITests */ = {
			isa = PBXNativeTarget;
			buildConfigurationList = E4BE4A022A3322B100A7C336 /* Build configuration list for PBXNativeTarget "MessagesRESTUITests" */;
			buildPhases = (
				E4BE49EE2A3322B100A7C336 /* Sources */,
				E4BE49EF2A3322B100A7C336 /* Frameworks */,
				E4BE49F02A3322B100A7C336 /* Resources */,
			);
			buildRules = (
			);
			dependencies = (
				E4BE49F42A3322B100A7C336 /* PBXTargetDependency */,
			);
			name = MessagesRESTUITests;
			productName = MessagesRESTUITests;
			productReference = E4BE49F22A3322B100A7C336 /* MessagesRESTUITests.xctest */;
			productType = "com.apple.product-type.bundle.ui-testing";
		};
/* End PBXNativeTarget section */

/* Begin PBXProject section */
		E4BE49CA2A3322AF00A7C336 /* Project object */ = {
			isa = PBXProject;
			attributes = {
				BuildIndependentTargetsInParallel = 1;
				LastSwiftUpdateCheck = 1430;
				LastUpgradeCheck = 1430;
				TargetAttributes = {
					E4BE49D12A3322AF00A7C336 = {
						CreatedOnToolsVersion = 14.3.1;
					};
					E4BE49E72A3322B100A7C336 = {
						CreatedOnToolsVersion = 14.3.1;
						TestTargetID = E4BE49D12A3322AF00A7C336;
					};
					E4BE49F12A3322B100A7C336 = {
						CreatedOnToolsVersion = 14.3.1;
						TestTargetID = E4BE49D12A3322AF00A7C336;
					};
				};
			};
			buildConfigurationList = E4BE49CD2A3322AF00A7C336 /* Build configuration list for PBXProject "MessagesREST" */;
			compatibilityVersion = "Xcode 14.0";
			developmentRegion = en;
			hasScannedForEncodings = 0;
			knownRegions = (
				en,
				Base,
			);
			mainGroup = E4BE49C92A3322AF00A7C336;
			productRefGroup = E4BE49D32A3322AF00A7C336 /* Products */;
			projectDirPath = "";
			projectRoot = "";
			targets = (
				E4BE49D12A3322AF00A7C336 /* MessagesREST */,
				E4BE49E72A3322B100A7C336 /* MessagesRESTTests */,
				E4BE49F12A3322B100A7C336 /* MessagesRESTUITests */,
			);
		};
/* End PBXProject section */

/* Begin PBXResourcesBuildPhase section */
		E4BE49D02A3322AF00A7C336 /* Resources */ = {
			isa = PBXResourcesBuildPhase;
			buildActionMask = 2147483647;
			files = (
				E4BE49E22A3322B000A7C336 /* LaunchScreen.storyboard in Resources */,
				E4BE49DF2A3322B000A7C336 /* Assets.xcassets in Resources */,
				E4BE49DD2A3322AF00A7C336 /* Main.storyboard in Resources */,
			);
			runOnlyForDeploymentPostprocessing = 0;
		};
		E4BE49E62A3322B100A7C336 /* Resources */ = {
			isa = PBXResourcesBuildPhase;
			buildActionMask = 2147483647;
			files = (
			);
			runOnlyForDeploymentPostprocessing = 0;
		};
		E4BE49F02A3322B100A7C336 /* Resources */ = {
			isa = PBXResourcesBuildPhase;
			buildActionMask = 2147483647;
			files = (
			);
			runOnlyForDeploymentPostprocessing = 0;
		};
/* End PBXResourcesBuildPhase section */

/* Begin PBXSourcesBuildPhase section */
		E4BE49CE2A3322AF00A7C336 /* Sources */ = {
			isa = PBXSourcesBuildPhase;
			buildActionMask = 2147483647;
			files = (
				E4BE49DA2A3322AF00A7C336 /* ViewController.swift in Sources */,
				E4BE49D62A3322AF00A7C336 /* AppDelegate.swift in Sources */,
				E4BE49D82A3322AF00A7C336 /* SceneDelegate.swift in Sources */,
			);
			runOnlyForDeploymentPostprocessing = 0;
		};
		E4BE49E42A3322B100A7C336 /* Sources */ = {
			isa = PBXSourcesBuildPhase;
			buildActionMask = 2147483647;
			files = (
				E4BE49ED2A3322B100A7C336 /* MessagesRESTTests.swift in Sources */,
			);
			runOnlyForDeploymentPostprocessing = 0;
		};
		E4BE49EE2A3322B100A7C336 /* Sources */ = {
			isa = PBXSourcesBuildPhase;
			buildActionMask = 2147483647;
			files = (
				E4BE49F92A3322B100A7C336 /* MessagesRESTUITestsLaunchTests.swift in Sources */,
				E4BE49F72A3322B100A7C336 /* MessagesRESTUITests.swift in Sources */,
			);
			runOnlyForDeploymentPostprocessing = 0;
		};
/* End PBXSourcesBuildPhase section */

/* Begin PBXTargetDependency section */
		E4BE49EA2A3322B100A7C336 /* PBXTargetDependency */ = {
			isa = PBXTargetDependency;
			target = E4BE49D12A3322AF00A7C336 /* MessagesREST */;
			targetProxy = E4BE49E92A3322B100A7C336 /* PBXContainerItemProxy */;
		};
		E4BE49F42A3322B100A7C336 /* PBXTargetDependency */ = {
			isa = PBXTargetDependency;
			target = E4BE49D12A3322AF00A7C336 /* MessagesREST */;
			targetProxy = E4BE49F32A3322B100A7C336 /* PBXContainerItemProxy */;
		};
/* End PBXTargetDependency section */

/* Begin PBXVariantGroup section */
		E4BE49DB2A3322AF00A7C336 /* Main.storyboard */ = {
			isa = PBXVariantGroup;
			children = (
				E4BE49DC2A3322AF00A7C336 /* Base */,
			);
			name = Main.storyboard;
			sourceTree = "<group>";
		};
		E4BE49E02A3322B000A7C336 /* LaunchScreen.storyboard */ = {
			isa = PBXVariantGroup;
			children = (
				E4BE49E12A3322B000A7C336 /* Base */,
			);
			name = LaunchScreen.storyboard;
			sourceTree = "<group>";
		};
/* End PBXVariantGroup section */

/* Begin XCBuildConfiguration section */
		E4BE49FA2A3322B100A7C336 /* Debug */ = {
			isa = XCBuildConfiguration;
			buildSettings = {
				ALWAYS_SEARCH_USER_PATHS = NO;
				CLANG_ANALYZER_NONNULL = YES;
				CLANG_ANALYZER_NUMBER_OBJECT_CONVERSION = YES_AGGRESSIVE;
				CLANG_CXX_LANGUAGE_STANDARD = "gnu++20";
				CLANG_ENABLE_MODULES = YES;
				CLANG_ENABLE_OBJC_ARC = YES;
				CLANG_ENABLE_OBJC_WEAK = YES;
				CLANG_WARN_BLOCK_CAPTURE_AUTORELEASING = YES;
				CLANG_WARN_BOOL_CONVERSION = YES;
				CLANG_WARN_COMMA = YES;
				CLANG_WARN_CONSTANT_CONVERSION = YES;
				CLANG_WARN_DEPRECATED_OBJC_IMPLEMENTATIONS = YES;
				CLANG_WARN_DIRECT_OBJC_ISA_USAGE = YES_ERROR;
				CLANG_WARN_DOCUMENTATION_COMMENTS = YES;
				CLANG_WARN_EMPTY_BODY = YES;
				CLANG_WARN_ENUM_CONVERSION = YES;
				CLANG_WARN_INFINITE_RECURSION = YES;
				CLANG_WARN_INT_CONVERSION = YES;
				CLANG_WARN_NON_LITERAL_NULL_CONVERSION = YES;
				CLANG_WARN_OBJC_IMPLICIT_RETAIN_SELF = YES;
				CLANG_WARN_OBJC_LITERAL_CONVERSION = YES;
				CLANG_WARN_OBJC_ROOT_CLASS = YES_ERROR;
				CLANG_WARN_QUOTED_INCLUDE_IN_FRAMEWORK_HEADER = YES;
				CLANG_WARN_RANGE_LOOP_ANALYSIS = YES;
				CLANG_WARN_STRICT_PROTOTYPES = YES;
				CLANG_WARN_SUSPICIOUS_MOVE = YES;
				CLANG_WARN_UNGUARDED_AVAILABILITY = YES_AGGRESSIVE;
				CLANG_WARN_UNREACHABLE_CODE = YES;
				CLANG_WARN__DUPLICATE_METHOD_MATCH = YES;
				COPY_PHASE_STRIP = NO;
				DEBUG_INFORMATION_FORMAT = dwarf;
				ENABLE_STRICT_OBJC_MSGSEND = YES;
				ENABLE_TESTABILITY = YES;
				GCC_C_LANGUAGE_STANDARD = gnu11;
				GCC_DYNAMIC_NO_PIC = NO;
				GCC_NO_COMMON_BLOCKS = YES;
				GCC_OPTIMIZATION_LEVEL = 0;
				GCC_PREPROCESSOR_DEFINITIONS = (
					"DEBUG=1",
					"$(inherited)",
				);
				GCC_WARN_64_TO_32_BIT_CONVERSION = YES;
				GCC_WARN_ABOUT_RETURN_TYPE = YES_ERROR;
				GCC_WARN_UNDECLARED_SELECTOR = YES;
				GCC_WARN_UNINITIALIZED_AUTOS = YES_AGGRESSIVE;
				GCC_WARN_UNUSED_FUNCTION = YES;
				GCC_WARN_UNUSED_VARIABLE = YES;
				IPHONEOS_DEPLOYMENT_TARGET = 16.4;
				MTL_ENABLE_DEBUG_INFO = INCLUDE_SOURCE;
				MTL_FAST_MATH = YES;
				ONLY_ACTIVE_ARCH = YES;
				SDKROOT = iphoneos;
				SWIFT_ACTIVE_COMPILATION_CONDITIONS = DEBUG;
				SWIFT_OPTIMIZATION_LEVEL = "-Onone";
			};
			name = Debug;
		};
		E4BE49FB2A3322B100A7C336 /* Release */ = {
			isa = XCBuildConfiguration;
			buildSettings = {
				ALWAYS_SEARCH_USER_PATHS = NO;
				CLANG_ANALYZER_NONNULL = YES;
				CLANG_ANALYZER_NUMBER_OBJECT_CONVERSION = YES_AGGRESSIVE;
				CLANG_CXX_LANGUAGE_STANDARD = "gnu++20";
				CLANG_ENABLE_MODULES = YES;
				CLANG_ENABLE_OBJC_ARC = YES;
				CLANG_ENABLE_OBJC_WEAK = YES;
				CLANG_WARN_BLOCK_CAPTURE_AUTORELEASING = YES;
				CLANG_WARN_BOOL_CONVERSION = YES;
				CLANG_WARN_COMMA = YES;
				CLANG_WARN_CONSTANT_CONVERSION = YES;
				CLANG_WARN_DEPRECATED_OBJC_IMPLEMENTATIONS = YES;
				CLANG_WARN_DIRECT_OBJC_ISA_USAGE = YES_ERROR;
				CLANG_WARN_DOCUMENTATION_COMMENTS = YES;
				CLANG_WARN_EMPTY_BODY = YES;
				CLANG_WARN_ENUM_CONVERSION = YES;
				CLANG_WARN_INFINITE_RECURSION = YES;
				CLANG_WARN_INT_CONVERSION = YES;
				CLANG_WARN_NON_LITERAL_NULL_CONVERSION = YES;
				CLANG_WARN_OBJC_IMPLICIT_RETAIN_SELF = YES;
				CLANG_WARN_OBJC_LITERAL_CONVERSION = YES;
				CLANG_WARN_OBJC_ROOT_CLASS = YES_ERROR;
				CLANG_WARN_QUOTED_INCLUDE_IN_FRAMEWORK_HEADER = YES;
				CLANG_WARN_RANGE_LOOP_ANALYSIS = YES;
				CLANG_WARN_STRICT_PROTOTYPES = YES;
				CLANG_WARN_SUSPICIOUS_MOVE = YES;
				CLANG_WARN_UNGUARDED_AVAILABILITY = YES_AGGRESSIVE;
				CLANG_WARN_UNREACHABLE_CODE = YES;
				CLANG_WARN__DUPLICATE_METHOD_MATCH = YES;
				COPY_PHASE_STRIP = NO;
				DEBUG_INFORMATION_FORMAT = "dwarf-with-dsym";
				ENABLE_NS_ASSERTIONS = NO;
				ENABLE_STRICT_OBJC_MSGSEND = YES;
				GCC_C_LANGUAGE_STANDARD = gnu11;
				GCC_NO_COMMON_BLOCKS = YES;
				GCC_WARN_64_TO_32_BIT_CONVERSION = YES;
				GCC_WARN_ABOUT_RETURN_TYPE = YES_ERROR;
				GCC_WARN_UNDECLARED_SELECTOR = YES;
				GCC_WARN_UNINITIALIZED_AUTOS = YES_AGGRESSIVE;
				GCC_WARN_UNUSED_FUNCTION = YES;
				GCC_WARN_UNUSED_VARIABLE = YES;
				IPHONEOS_DEPLOYMENT_TARGET = 16.4;
				MTL_ENABLE_DEBUG_INFO = NO;
				MTL_FAST_MATH = YES;
				SDKROOT = iphoneos;
				SWIFT_COMPILATION_MODE = wholemodule;
				SWIFT_OPTIMIZATION_LEVEL = "-O";
				VALIDATE_PRODUCT = YES;
			};
			name = Release;
		};
		E4BE49FD2A3322B100A7C336 /* Debug */ = {
			isa = XCBuildConfiguration;
			buildSettings = {
				ASSETCATALOG_COMPILER_APPICON_NAME = AppIcon;
				ASSETCATALOG_COMPILER_GLOBAL_ACCENT_COLOR_NAME = AccentColor;
				CODE_SIGN_STYLE = Automatic;
				CURRENT_PROJECT_VERSION = 1;
				GENERATE_INFOPLIST_FILE = YES;
				INFOPLIST_FILE = MessagesREST/Info.plist;
				INFOPLIST_KEY_UIApplicationSupportsIndirectInputEvents = YES;
				INFOPLIST_KEY_UILaunchStoryboardName = LaunchScreen;
				INFOPLIST_KEY_UIMainStoryboardFile = Main;
				INFOPLIST_KEY_UISupportedInterfaceOrientations_iPad = "UIInterfaceOrientationPortrait UIInterfaceOrientationPortraitUpsideDown UIInterfaceOrientationLandscapeLeft UIInterfaceOrientationLandscapeRight";
				INFOPLIST_KEY_UISupportedInterfaceOrientations_iPhone = "UIInterfaceOrientationPortrait UIInterfaceOrientationLandscapeLeft UIInterfaceOrientationLandscapeRight";
				LD_RUNPATH_SEARCH_PATHS = (
					"$(inherited)",
					"@executable_path/Frameworks",
				);
				MARKETING_VERSION = 1.0;
				PRODUCT_BUNDLE_IDENTIFIER = com.mohammdreza.MessagesREST;
				PRODUCT_NAME = "$(TARGET_NAME)";
				SWIFT_EMIT_LOC_STRINGS = YES;
				SWIFT_VERSION = 5.0;
				TARGETED_DEVICE_FAMILY = "1,2";
			};
			name = Debug;
		};
		E4BE49FE2A3322B100A7C336 /* Release */ = {
			isa = XCBuildConfiguration;
			buildSettings = {
				ASSETCATALOG_COMPILER_APPICON_NAME = AppIcon;
				ASSETCATALOG_COMPILER_GLOBAL_ACCENT_COLOR_NAME = AccentColor;
				CODE_SIGN_STYLE = Automatic;
				CURRENT_PROJECT_VERSION = 1;
				GENERATE_INFOPLIST_FILE = YES;
				INFOPLIST_FILE = MessagesREST/Info.plist;
				INFOPLIST_KEY_UIApplicationSupportsIndirectInputEvents = YES;
				INFOPLIST_KEY_UILaunchStoryboardName = LaunchScreen;
				INFOPLIST_KEY_UIMainStoryboardFile = Main;
				INFOPLIST_KEY_UISupportedInterfaceOrientations_iPad = "UIInterfaceOrientationPortrait UIInterfaceOrientationPortraitUpsideDown UIInterfaceOrientationLandscapeLeft UIInterfaceOrientationLandscapeRight";
				INFOPLIST_KEY_UISupportedInterfaceOrientations_iPhone = "UIInterfaceOrientationPortrait UIInterfaceOrientationLandscapeLeft UIInterfaceOrientationLandscapeRight";
				LD_RUNPATH_SEARCH_PATHS = (
					"$(inherited)",
					"@executable_path/Frameworks",
				);
				MARKETING_VERSION = 1.0;
				PRODUCT_BUNDLE_IDENTIFIER = com.mohammdreza.MessagesREST;
				PRODUCT_NAME = "$(TARGET_NAME)";
				SWIFT_EMIT_LOC_STRINGS = YES;
				SWIFT_VERSION = 5.0;
				TARGETED_DEVICE_FAMILY = "1,2";
			};
			name = Release;
		};
		E4BE4A002A3322B100A7C336 /* Debug */ = {
			isa = XCBuildConfiguration;
			buildSettings = {
				ALWAYS_EMBED_SWIFT_STANDARD_LIBRARIES = YES;
				BUNDLE_LOADER = "$(TEST_HOST)";
				CODE_SIGN_STYLE = Automatic;
				CURRENT_PROJECT_VERSION = 1;
				GENERATE_INFOPLIST_FILE = YES;
				IPHONEOS_DEPLOYMENT_TARGET = 16.4;
				MARKETING_VERSION = 1.0;
				PRODUCT_BUNDLE_IDENTIFIER = com.mohammdreza.MessagesRESTTests;
				PRODUCT_NAME = "$(TARGET_NAME)";
				SWIFT_EMIT_LOC_STRINGS = NO;
				SWIFT_VERSION = 5.0;
				TARGETED_DEVICE_FAMILY = "1,2";
				TEST_HOST = "$(BUILT_PRODUCTS_DIR)/MessagesREST.app/$(BUNDLE_EXECUTABLE_FOLDER_PATH)/MessagesREST";
			};
			name = Debug;
		};
		E4BE4A012A3322B100A7C336 /* Release */ = {
			isa = XCBuildConfiguration;
			buildSettings = {
				ALWAYS_EMBED_SWIFT_STANDARD_LIBRARIES = YES;
				BUNDLE_LOADER = "$(TEST_HOST)";
				CODE_SIGN_STYLE = Automatic;
				CURRENT_PROJECT_VERSION = 1;
				GENERATE_INFOPLIST_FILE = YES;
				IPHONEOS_DEPLOYMENT_TARGET = 16.4;
				MARKETING_VERSION = 1.0;
				PRODUCT_BUNDLE_IDENTIFIER = com.mohammdreza.MessagesRESTTests;
				PRODUCT_NAME = "$(TARGET_NAME)";
				SWIFT_EMIT_LOC_STRINGS = NO;
				SWIFT_VERSION = 5.0;
				TARGETED_DEVICE_FAMILY = "1,2";
				TEST_HOST = "$(BUILT_PRODUCTS_DIR)/MessagesREST.app/$(BUNDLE_EXECUTABLE_FOLDER_PATH)/MessagesREST";
			};
			name = Release;
		};
		E4BE4A032A3322B100A7C336 /* Debug */ = {
			isa = XCBuildConfiguration;
			buildSettings = {
				ALWAYS_EMBED_SWIFT_STANDARD_LIBRARIES = YES;
				CODE_SIGN_STYLE = Automatic;
				CURRENT_PROJECT_VERSION = 1;
				GENERATE_INFOPLIST_FILE = YES;
				MARKETING_VERSION = 1.0;
				PRODUCT_BUNDLE_IDENTIFIER = com.mohammdreza.MessagesRESTUITests;
				PRODUCT_NAME = "$(TARGET_NAME)";
				SWIFT_EMIT_LOC_STRINGS = NO;
				SWIFT_VERSION = 5.0;
				TARGETED_DEVICE_FAMILY = "1,2";
				TEST_TARGET_NAME = MessagesREST;
			};
			name = Debug;
		};
		E4BE4A042A3322B100A7C336 /* Release */ = {
			isa = XCBuildConfiguration;
			buildSettings = {
				ALWAYS_EMBED_SWIFT_STANDARD_LIBRARIES = YES;
				CODE_SIGN_STYLE = Automatic;
				CURRENT_PROJECT_VERSION = 1;
				GENERATE_INFOPLIST_FILE = YES;
				MARKETING_VERSION = 1.0;
				PRODUCT_BUNDLE_IDENTIFIER = com.mohammdreza.MessagesRESTUITests;
				PRODUCT_NAME = "$(TARGET_NAME)";
				SWIFT_EMIT_LOC_STRINGS = NO;
				SWIFT_VERSION = 5.0;
				TARGETED_DEVICE_FAMILY = "1,2";
				TEST_TARGET_NAME = MessagesREST;
			};
			name = Release;
		};
/* End XCBuildConfiguration section */

/* Begin XCConfigurationList section */
		E4BE49CD2A3322AF00A7C336 /* Build configuration list for PBXProject "MessagesREST" */ = {
			isa = XCConfigurationList;
			buildConfigurations = (
				E4BE49FA2A3322B100A7C336 /* Debug */,
				E4BE49FB2A3322B100A7C336 /* Release */,
			);
			defaultConfigurationIsVisible = 0;
			defaultConfigurationName = Release;
		};
		E4BE49FC2A3322B100A7C336 /* Build configuration list for PBXNativeTarget "MessagesREST" */ = {
			isa = XCConfigurationList;
			buildConfigurations = (
				E4BE49FD2A3322B100A7C336 /* Debug */,
				E4BE49FE2A3322B100A7C336 /* Release */,
			);
			defaultConfigurationIsVisible = 0;
			defaultConfigurationName = Release;
		};
		E4BE49FF2A3322B100A7C336 /* Build configuration list for PBXNativeTarget "MessagesRESTTests" */ = {
			isa = XCConfigurationList;
			buildConfigurations = (
				E4BE4A002A3322B100A7C336 /* Debug */,
				E4BE4A012A3322B100A7C336 /* Release */,
			);
			defaultConfigurationIsVisible = 0;
			defaultConfigurationName = Release;
		};
		E4BE4A022A3322B100A7C336 /* Build configuration list for PBXNativeTarget "MessagesRESTUITests" */ = {
			isa = XCConfigurationList;
			buildConfigurations = (
				E4BE4A032A3322B100A7C336 /* Debug */,
				E4BE4A042A3322B100A7C336 /* Release */,
			);
			defaultConfigurationIsVisible = 0;
			defaultConfigurationName = Release;
		};
/* End XCConfigurationList section */
	};
	rootObject = E4BE49CA2A3322AF00A7C336 /* Project object */;
}
